
Microsoft Visual Studio Solution File, Format Version 12.00
# Visual Studio Version 17
VisualStudioVersion = 17.8.34525.116
MinimumVisualStudioVersion = 10.0.40219.1
Project("{FAE04EC0-301F-11D3-BF4B-00C04F79EFBC}") = "MauiAppTeste", "MauiAppTeste\MauiAppTeste.csproj", "{096260A8-09AB-45B5-82ED-13735B16873D}"
EndProject
Global
	GlobalSection(SolutionConfigurationPlatforms) = preSolution
		Debug|Any CPU = Debug|Any CPU
		Release|Any CPU = Release|Any CPU
	EndGlobalSection
	GlobalSection(ProjectConfigurationPlatforms) = postSolution
		{096260A8-09AB-45B5-82ED-13735B16873D}.Debug|Any CPU.ActiveCfg = Debug|Any CPU
		{096260A8-09AB-45B5-82ED-13735B16873D}.Debug|Any CPU.Build.0 = Debug|Any CPU
		{096260A8-09AB-45B5-82ED-13735B16873D}.Debug|Any CPU.Deploy.0 = Debug|Any CPU
		{096260A8-09AB-45B5-82ED-13735B16873D}.Release|Any CPU.ActiveCfg = Release|Any CPU
		{096260A8-09AB-45B5-82ED-13735B16873D}.Release|Any CPU.Build.0 = Release|Any CPU
		{096260A8-09AB-45B5-82ED-13735B16873D}.Release|Any CPU.Deploy.0 = Release|Any CPU
	EndGlobalSection
	GlobalSection(SolutionProperties) = preSolution
		HideSolutionNode = FALSE
	EndGlobalSection
	GlobalSection(ExtensibilityGlobals) = postSolution
		SolutionGuid = {FC0B870F-6CA6-4013-967C-DAE554EEF409}
	EndGlobalSection
EndGlobal
